// !$*UTF8*$!
{
	archiveVersion = 1;
	classes = {
	};
	objectVersion = 77;
	objects = {

/* Begin PBXBuildFile section */
		18FFF1DF2FB91AAC004CDA09 /* Auth in Frameworks */ = {isa = PBXBuildFile; productRef = 18FFF1DE2FB91AAC004CDA09 /* Auth */; };
		18FFF1E12FB91AAC004CDA09 /* Functions in Frameworks */ = {isa = PBXBuildFile; productRef = 18FFF1E02FB91AAC004CDA09 /* Functions */; };
		18FFF1E32FB91AAC004CDA09 /* PostgREST in Frameworks */ = {isa = PBXBuildFile; productRef = 18FFF1E22FB91AAC004CDA09 /* PostgREST */; };
		18FFF1E52FB91AAC004CDA09 /* Realtime in Frameworks */ = {isa = PBXBuildFile; productRef = 18FFF1E42FB91AAC004CDA09 /* Realtime */; };
		18FFF1E72FB91AAC004CDA09 /* Storage in Frameworks */ = {isa = PBXBuildFile; productRef = 18FFF1E62FB91AAC004CDA09 /* Storage */; };
		18FFF1F02FB996D2004CDA09 /* Supabase in Frameworks */ = {isa = PBXBuildFile; productRef = 18FFF1EF2FB996D2004CDA09 /* Supabase */; };
/* End PBXBuildFile section */

/* Begin PBXFileReference section */
		18FB3D302FB8F44600C476EF /* Kubarik.app */ = {isa = PBXFileReference; explicitFileType = wrapper.application; includeInIndex = 0; path = Kubarik.app; sourceTree = BUILT_PRODUCTS_DIR; };
/* End PBXFileReference section */

/* Begin PBXFileSystemSynchronizedBuildFileExceptionSet section */
		18FFF1ED2FB91C69004CDA09 /* Exceptions for "Kubarik" folder in "Kubarik" target */ = {
			isa = PBXFileSystemSynchronizedBuildFileExceptionSet;
			membershipExceptions = (
				Info.plist,
			);
			target = 18FB3D2F2FB8F44600C476EF /* Kubarik */;
		};
/* End PBXFileSystemSynchronizedBuildFileExceptionSet section */

/* Begin PBXFileSystemSynchronizedRootGroup section */
		18FB3D322FB8F44600C476EF /* Kubarik */ = {
			isa = PBXFileSystemSynchronizedRootGroup;
			exceptions = (
				18FFF1ED2FB91C69004CDA09 /* Exceptions for "Kubarik" folder in "Kubarik" target */,
			);
			path = Kubarik;
			sourceTree = "<group>";
		};
/* End PBXFileSystemSynchronizedRootGroup section */

/* Begin PBXFrameworksBuildPhase section */
		18FB3D2D2FB8F44600C476EF /* Frameworks */ = {
			isa = PBXFrameworksBuildPhase;
			buildActionMask = 2147483647;
			files = (
				18FFF1E32FB91AAC004CDA09 /* PostgREST in Frameworks */,
				18FFF1E12FB91AAC004CDA09 /* Functions in Frameworks */,
				18FFF1F02FB996D2004CDA09 /* Supabase in Frameworks */,
				18FFF1DF2FB91AAC004CDA09 /* Auth in Frameworks */,
				18FFF1E72FB91AAC004CDA09 /* Storage in Frameworks */,
				18FFF1E52FB91AAC004CDA09 /* Realtime in Frameworks */,
			);
			runOnlyForDeploymentPostprocessing = 0;
		};
/* End PBXFrameworksBuildPhase section */

/* Begin PBXGroup section */
		18FB3D272FB8F44600C476EF = {
			isa = PBXGroup;
			children = (
				18FB3D322FB8F44600C476EF /* Kubarik */,
				18FFF1EE2FB91D81004CDA09 /* Frameworks */,
				18FB3D312FB8F44600C476EF /* Products */,
			);
			sourceTree = "<group>";
		};
		18FB3D312FB8F44600C476EF /* Products */ = {
			isa = PBXGroup;
			children = (
				18FB3D302FB8F44600C476EF /* Kubarik.app */,
			);
			name = Products;
			sourceTree = "<group>";
		};
		18FFF1EE2FB91D81004CDA09 /* Frameworks */ = {
			isa = PBXGroup;
			children = (
			);
			name = Frameworks;
			sourceTree = "<group>";
		};
/* End PBXGroup section */

/* Begin PBXNativeTarget section */
		18FB3D2F2FB8F44600C476EF /* Kubarik */ = {
			isa = PBXNativeTarget;
			buildConfigurationList = 18FB3D3B2FB8F44800C476EF /* Build configuration list for PBXNativeTarget "Kubarik" */;
			buildPhases = (
				18FB3D2C2FB8F44600C476EF /* Sources */,
				18FB3D2D2FB8F44600C476EF /* Frameworks */,
				18FB3D2E2FB8F44600C476EF /* Resources */,
			);
			buildRules = (
			);
			dependencies = (
			);
			fileSystemSynchronizedGroups = (
				18FB3D322FB8F44600C476EF /* Kubarik */,
			);
			name = Kubarik;
			packageProductDependencies = (
				18FFF1DE2FB91AAC004CDA09 /* Auth */,
				18FFF1E02FB91AAC004CDA09 /* Functions */,
				18FFF1E22FB91AAC004CDA09 /* PostgREST */,
				18FFF1E42FB91AAC004CDA09 /* Realtime */,
				18FFF1E62FB91AAC004CDA09 /* Storage */,
				18FFF1EF2FB996D2004CDA09 /* Supabase */,
			);
			productName = Kubarik;
			productReference = 18FB3D302FB8F44600C476EF /* Kubarik.app */;
			productType = "com.apple.product-type.application";
		};
/* End PBXNativeTarget section */

/* Begin PBXProject section */
		18FB3D282FB8F44600C476EF /* Project object */ = {
			isa = PBXProject;
			attributes = {
				BuildIndependentTargetsInParallel = 1;
				LastSwiftUpdateCheck = 2620;
				LastUpgradeCheck = 2620;
				TargetAttributes = {
					18FB3D2F2FB8F44600C476EF = {
						CreatedOnToolsVersion = 26.2;
					};
				};
			};
			buildConfigurationList = 18FB3D2B2FB8F44600C476EF /* Build configuration list for PBXProject "Kubarik" */;
			developmentRegion = en;
			hasScannedForEncodings = 0;
			knownRegions = (
				en,
				Base,
			);
			mainGroup = 18FB3D272FB8F44600C476EF;
			minimizedProjectReferenceProxies = 1;
			packageReferences = (
				18FFF1DD2FB91AAC004CDA09 /* XCRemoteSwiftPackageReference "supabase-swift" */,
			);
			preferredProjectObjectVersion = 77;
			productRefGroup = 18FB3D312FB8F44600C476EF /* Products */;
			projectDirPath = "";
			projectRoot = "";
			targets = (
				18FB3D2F2FB8F44600C476EF /* Kubarik */,
			);
		};
/* End PBXProject section */

/* Begin PBXResourcesBuildPhase section */
		18FB3D2E2FB8F44600C476EF /* Resources */ = {
			isa = PBXResourcesBuildPhase;
			buildActionMask = 2147483647;
			files = (
			);
			runOnlyForDeploymentPostprocessing = 0;
		};
/* End PBXResourcesBuildPhase section */

/* Begin PBXSourcesBuildPhase section */
		18FB3D2C2FB8F44600C476EF /* Sources */ = {
			isa = PBXSourcesBuildPhase;
			buildActionMask = 2147483647;
			files = (
			);
			runOnlyForDeploymentPostprocessing = 0;
		};
/* End PBXSourcesBuildPhase section */

/* Begin XCBuildConfiguration section */
		18FB3D392FB8F44800C476EF /* Debug */ = {
			isa = XCBuildConfiguration;
			buildSettings = {
				ALWAYS_SEARCH_USER_PATHS = NO;
				ASSETCATALOG_COMPILER_GENERATE_SWIFT_ASSET_SYMBOL_EXTENSIONS = YES;
				CLANG_ANALYZER_NONNULL = YES;
				CLANG_ANALYZER_NUMBER_OBJECT_CONVERSION = YES_AGGRESSIVE;
				CLANG_CXX_LANGUAGE_STANDARD = "gnu++20";
				CLANG_ENABLE_MODULES = YES;
				CLANG_ENABLE_OBJC_ARC = YES;
				CLANG_ENABLE_OBJC_WEAK = YES;
				CLANG_WARN_BLOCK_CAPTURE_AUTORELEASING = YES;
				CLANG_WARN_BOOL_CONVERSION = YES;
				CLANG_WARN_COMMA = YES;
				CLANG_WARN_CONSTANT_CONVERSION = YES;
				CLANG_WARN_DEPRECATED_OBJC_IMPLEMENTATIONS = YES;
				CLANG_WARN_DIRECT_OBJC_ISA_USAGE = YES_ERROR;
				CLANG_WARN_DOCUMENTATION_COMMENTS = YES;
				CLANG_WARN_EMPTY_BODY = YES;
				CLANG_WARN_ENUM_CONVERSION = YES;
				CLANG_WARN_INFINITE_RECURSION = YES;
				CLANG_WARN_INT_CONVERSION = YES;
				CLANG_WARN_NON_LITERAL_NULL_CONVERSION = YES;
				CLANG_WARN_OBJC_IMPLICIT_RETAIN_SELF = YES;
				CLANG_WARN_OBJC_LITERAL_CONVERSION = YES;
				CLANG_WARN_OBJC_ROOT_CLASS = YES_ERROR;
				CLANG_WARN_QUOTED_INCLUDE_IN_FRAMEWORK_HEADER = YES;
				CLANG_WARN_RANGE_LOOP_ANALYSIS = YES;
				CLANG_WARN_STRICT_PROTOTYPES = YES;
				CLANG_WARN_SUSPICIOUS_MOVE = YES;
				CLANG_WARN_UNGUARDED_AVAILABILITY = YES_AGGRESSIVE;
				CLANG_WARN_UNREACHABLE_CODE = YES;
				CLANG_WARN__DUPLICATE_METHOD_MATCH = YES;
				COPY_PHASE_STRIP = NO;
				DEBUG_INFORMATION_FORMAT = dwarf;
				DEVELOPMENT_TEAM = UK9P83M9LW;
				ENABLE_STRICT_OBJC_MSGSEND = YES;
				ENABLE_TESTABILITY = YES;
				ENABLE_USER_SCRIPT_SANDBOXING = YES;
				GCC_C_LANGUAGE_STANDARD = gnu17;
				GCC_DYNAMIC_NO_PIC = NO;
				GCC_NO_COMMON_BLOCKS = YES;
				GCC_OPTIMIZATION_LEVEL = 0;
				GCC_PREPROCESSOR_DEFINITIONS = (
					"DEBUG=1",
					"$(inherited)",
				);
				GCC_WARN_64_TO_32_BIT_CONVERSION = YES;
				GCC_WARN_ABOUT_RETURN_TYPE = YES_ERROR;
				GCC_WARN_UNDECLARED_SELECTOR = YES;
				GCC_WARN_UNINITIALIZED_AUTOS = YES_AGGRESSIVE;
				GCC_WARN_UNUSED_FUNCTION = YES;
				GCC_WARN_UNUSED_VARIABLE = YES;
				IPHONEOS_DEPLOYMENT_TARGET = 26.2;
				LOCALIZATION_PREFERS_STRING_CATALOGS = YES;
				MTL_ENABLE_DEBUG_INFO = INCLUDE_SOURCE;
				MTL_FAST_MATH = YES;
				ONLY_ACTIVE_ARCH = YES;
				SDKROOT = iphoneos;
				SWIFT_ACTIVE_COMPILATION_CONDITIONS = "DEBUG $(inherited)";
				SWIFT_OPTIMIZATION_LEVEL = "-Onone";
			};
			name = Debug;
		};
		18FB3D3A2FB8F44800C476EF /* Release */ = {
			isa = XCBuildConfiguration;
			buildSettings = {
				ALWAYS_SEARCH_USER_PATHS = NO;
				ASSETCATALOG_COMPILER_GENERATE_SWIFT_ASSET_SYMBOL_EXTENSIONS = YES;
				CLANG_ANALYZER_NONNULL = YES;
				CLANG_ANALYZER_NUMBER_OBJECT_CONVERSION = YES_AGGRESSIVE;
				CLANG_CXX_LANGUAGE_STANDARD = "gnu++20";
				CLANG_ENABLE_MODULES = YES;
				CLANG_ENABLE_OBJC_ARC = YES;
				CLANG_ENABLE_OBJC_WEAK = YES;
				CLANG_WARN_BLOCK_CAPTURE_AUTORELEASING = YES;
				CLANG_WARN_BOOL_CONVERSION = YES;
				CLANG_WARN_COMMA = YES;
				CLANG_WARN_CONSTANT_CONVERSION = YES;
				CLANG_WARN_DEPRECATED_OBJC_IMPLEMENTATIONS = YES;
				CLANG_WARN_DIRECT_OBJC_ISA_USAGE = YES_ERROR;
				CLANG_WARN_DOCUMENTATION_COMMENTS = YES;
				CLANG_WARN_EMPTY_BODY = YES;
				CLANG_WARN_ENUM_CONVERSION = YES;
				CLANG_WARN_INFINITE_RECURSION = YES;
				CLANG_WARN_INT_CONVERSION = YES;
				CLANG_WARN_NON_LITERAL_NULL_CONVERSION = YES;
				CLANG_WARN_OBJC_IMPLICIT_RETAIN_SELF = YES;
				CLANG_WARN_OBJC_LITERAL_CONVERSION = YES;
				CLANG_WARN_OBJC_ROOT_CLASS = YES_ERROR;
				CLANG_WARN_QUOTED_INCLUDE_IN_FRAMEWORK_HEADER = YES;
				CLANG_WARN_RANGE_LOOP_ANALYSIS = YES;
				CLANG_WARN_STRICT_PROTOTYPES = YES;
				CLANG_WARN_SUSPICIOUS_MOVE = YES;
				CLANG_WARN_UNGUARDED_AVAILABILITY = YES_AGGRESSIVE;
				CLANG_WARN_UNREACHABLE_CODE = YES;
				CLANG_WARN__DUPLICATE_METHOD_MATCH = YES;
				COPY_PHASE_STRIP = NO;
				DEBUG_INFORMATION_FORMAT = "dwarf-with-dsym";
				DEVELOPMENT_TEAM = UK9P83M9LW;
				ENABLE_NS_ASSERTIONS = NO;
				ENABLE_STRICT_OBJC_MSGSEND = YES;
				ENABLE_USER_SCRIPT_SANDBOXING = YES;
				GCC_C_LANGUAGE_STANDARD = gnu17;
				GCC_NO_COMMON_BLOCKS = YES;
				GCC_WARN_64_TO_32_BIT_CONVERSION = YES;
				GCC_WARN_ABOUT_RETURN_TYPE = YES_ERROR;
				GCC_WARN_UNDECLARED_SELECTOR = YES;
				GCC_WARN_UNINITIALIZED_AUTOS = YES_AGGRESSIVE;
				GCC_WARN_UNUSED_FUNCTION = YES;
				GCC_WARN_UNUSED_VARIABLE = YES;
				IPHONEOS_DEPLOYMENT_TARGET = 26.2;
				LOCALIZATION_PREFERS_STRING_CATALOGS = YES;
				MTL_ENABLE_DEBUG_INFO = NO;
				MTL_FAST_MATH = YES;
				SDKROOT = iphoneos;
				SWIFT_COMPILATION_MODE = wholemodule;
				VALIDATE_PRODUCT = YES;
			};
			name = Release;
		};
		18FB3D3C2FB8F44800C476EF /* Debug */ = {
			isa = XCBuildConfiguration;
			buildSettings = {
				ASSETCATALOG_COMPILER_APPICON_NAME = AppIcon;
				ASSETCATALOG_COMPILER_GLOBAL_ACCENT_COLOR_NAME = AccentColor;
				CODE_SIGN_ENTITLEMENTS = Kubarik/Kubarik.entitlements;
				CODE_SIGN_STYLE = Automatic;
				CURRENT_PROJECT_VERSION = 5;
				DEVELOPMENT_TEAM = UK9P83M9LW;
				ENABLE_PREVIEWS = YES;
				GENERATE_INFOPLIST_FILE = YES;
				INFOPLIST_FILE = Kubarik/Info.plist;
				INFOPLIST_KEY_CFBundleDisplayName = Cubariki;
				INFOPLIST_KEY_ITSAppUsesNonExemptEncryption = NO;
				INFOPLIST_KEY_LSApplicationCategoryType = "public.app-category.games";
				INFOPLIST_KEY_UIApplicationSceneManifest_Generation = YES;
				INFOPLIST_KEY_UIApplicationSupportsIndirectInputEvents = YES;
				INFOPLIST_KEY_UILaunchScreen_Generation = YES;
				INFOPLIST_KEY_UIStatusBarStyle = "";
				INFOPLIST_KEY_UISupportedInterfaceOrientations = UIInterfaceOrientationPortrait;
				LD_RUNPATH_SEARCH_PATHS = (
					"$(inherited)",
					"@executable_path/Frameworks",
				);
				MARKETING_VERSION = 1.0.1;
				PRODUCT_BUNDLE_IDENTIFIER = com.sds.Kubarik;
				PRODUCT_NAME = "$(TARGET_NAME)";
				STRING_CATALOG_GENERATE_SYMBOLS = YES;
				SWIFT_APPROACHABLE_CONCURRENCY = YES;
				SWIFT_DEFAULT_ACTOR_ISOLATION = MainActor;
				SWIFT_EMIT_LOC_STRINGS = YES;
				SWIFT_UPCOMING_FEATURE_MEMBER_IMPORT_VISIBILITY = YES;
				SWIFT_VERSION = 5.0;
				TARGETED_DEVICE_FAMILY = 1;
			};
			name = Debug;
		};
		18FB3D3D2FB8F44800C476EF /* Release */ = {
			isa = XCBuildConfiguration;
			buildSettings = {
				ASSETCATALOG_COMPILER_APPICON_NAME = AppIcon;
				ASSETCATALOG_COMPILER_GLOBAL_ACCENT_COLOR_NAME = AccentColor;
				CODE_SIGN_ENTITLEMENTS = Kubarik/Kubarik.entitlements;
				CODE_SIGN_STYLE = Automatic;
				CURRENT_PROJECT_VERSION = 5;
				DEVELOPMENT_TEAM = UK9P83M9LW;
				ENABLE_PREVIEWS = YES;
				GENERATE_INFOPLIST_FILE = YES;
				INFOPLIST_FILE = Kubarik/Info.plist;
				INFOPLIST_KEY_CFBundleDisplayName = Cubariki;
				INFOPLIST_KEY_ITSAppUsesNonExemptEncryption = NO;
				INFOPLIST_KEY_LSApplicationCategoryType = "public.app-category.games";
				INFOPLIST_KEY_UIApplicationSceneManifest_Generation = YES;
				INFOPLIST_KEY_UIApplicationSupportsIndirectInputEvents = YES;
				INFOPLIST_KEY_UILaunchScreen_Generation = YES;
				INFOPLIST_KEY_UIStatusBarStyle = "";
				INFOPLIST_KEY_UISupportedInterfaceOrientations = UIInterfaceOrientationPortrait;
				LD_RUNPATH_SEARCH_PATHS = (
					"$(inherited)",
					"@executable_path/Frameworks",
				);
				MARKETING_VERSION = 1.0.1;
				PRODUCT_BUNDLE_IDENTIFIER = com.sds.Kubarik;
				PRODUCT_NAME = "$(TARGET_NAME)";
				STRING_CATALOG_GENERATE_SYMBOLS = YES;
				SWIFT_APPROACHABLE_CONCURRENCY = YES;
				SWIFT_DEFAULT_ACTOR_ISOLATION = MainActor;
				SWIFT_EMIT_LOC_STRINGS = YES;
				SWIFT_UPCOMING_FEATURE_MEMBER_IMPORT_VISIBILITY = YES;
				SWIFT_VERSION = 5.0;
				TARGETED_DEVICE_FAMILY = 1;
			};
			name = Release;
		};
/* End XCBuildConfiguration section */

/* Begin XCConfigurationList section */
		18FB3D2B2FB8F44600C476EF /* Build configuration list for PBXProject "Kubarik" */ = {
			isa = XCConfigurationList;
			buildConfigurations = (
				18FB3D392FB8F44800C476EF /* Debug */,
				18FB3D3A2FB8F44800C476EF /* Release */,
			);
			defaultConfigurationIsVisible = 0;
			defaultConfigurationName = Release;
		};
		18FB3D3B2FB8F44800C476EF /* Build configuration list for PBXNativeTarget "Kubarik" */ = {
			isa = XCConfigurationList;
			buildConfigurations = (
				18FB3D3C2FB8F44800C476EF /* Debug */,
				18FB3D3D2FB8F44800C476EF /* Release */,
			);
			defaultConfigurationIsVisible = 0;
			defaultConfigurationName = Release;
		};
/* End XCConfigurationList section */

/* Begin XCRemoteSwiftPackageReference section */
		18FFF1DD2FB91AAC004CDA09 /* XCRemoteSwiftPackageReference "supabase-swift" */ = {
			isa = XCRemoteSwiftPackageReference;
			repositoryURL = "https://github.com/supabase/supabase-swift";
			requirement = {
				kind = upToNextMajorVersion;
				minimumVersion = 2.5.1;
			};
		};
/* End XCRemoteSwiftPackageReference section */

/* Begin XCSwiftPackageProductDependency section */
		18FFF1DE2FB91AAC004CDA09 /* Auth */ = {
			isa = XCSwiftPackageProductDependency;
			package = 18FFF1DD2FB91AAC004CDA09 /* XCRemoteSwiftPackageReference "supabase-swift" */;
			productName = Auth;
		};
		18FFF1E02FB91AAC004CDA09 /* Functions */ = {
			isa = XCSwiftPackageProductDependency;
			package = 18FFF1DD2FB91AAC004CDA09 /* XCRemoteSwiftPackageReference "supabase-swift" */;
			productName = Functions;
		};
		18FFF1E22FB91AAC004CDA09 /* PostgREST */ = {
			isa = XCSwiftPackageProductDependency;
			package = 18FFF1DD2FB91AAC004CDA09 /* XCRemoteSwiftPackageReference "supabase-swift" */;
			productName = PostgREST;
		};
		18FFF1E42FB91AAC004CDA09 /* Realtime */ = {
			isa = XCSwiftPackageProductDependency;
			package = 18FFF1DD2FB91AAC004CDA09 /* XCRemoteSwiftPackageReference "supabase-swift" */;
			productName = Realtime;
		};
		18FFF1E62FB91AAC004CDA09 /* Storage */ = {
			isa = XCSwiftPackageProductDependency;
			package = 18FFF1DD2FB91AAC004CDA09 /* XCRemoteSwiftPackageReference "supabase-swift" */;
			productName = Storage;
		};
		18FFF1EF2FB996D2004CDA09 /* Supabase */ = {
			isa = XCSwiftPackageProductDependency;
			package = 18FFF1DD2FB91AAC004CDA09 /* XCRemoteSwiftPackageReference "supabase-swift" */;
			productName = Supabase;
		};
/* End XCSwiftPackageProductDependency section */
	};
	rootObject = 18FB3D282FB8F44600C476EF /* Project object */;
}
